
Microsoft Visual Studio Solution File, Format Version 12.00
# Visual Studio Version 17
VisualStudioVersion = 17.10.35122.118
MinimumVisualStudioVersion = 10.0.40219.1
Project("{9A19103F-16F7-4668-BE54-9A1E7A4F7556}") = "WebApplicationApi", "WebApplication.Api\WebApplicationApi.csproj", "{6555DC01-C4B9-4B6C-A0A9-DC315CCCDD72}"
EndProject
Project("{FAE04EC0-301F-11D3-BF4B-00C04F79EFBC}") = "BookStoreBlazorServerUI", "BookStoreBlazorServerUI\BookStoreBlazorServerUI.csproj", "{A8D99CCF-22CA-40B5-B203-B96535C38102}"
EndProject
Global
	GlobalSection(SolutionConfigurationPlatforms) = preSolution
		Debug|Any CPU = Debug|Any CPU
		Release|Any CPU = Release|Any CPU
	EndGlobalSection
	GlobalSection(ProjectConfigurationPlatforms) = postSolution
		{6555DC01-C4B9-4B6C-A0A9-DC315CCCDD72}.Debug|Any CPU.ActiveCfg = Debug|Any CPU
		{6555DC01-C4B9-4B6C-A0A9-DC315CCCDD72}.Debug|Any CPU.Build.0 = Debug|Any CPU
		{6555DC01-C4B9-4B6C-A0A9-DC315CCCDD72}.Release|Any CPU.ActiveCfg = Release|Any CPU
		{6555DC01-C4B9-4B6C-A0A9-DC315CCCDD72}.Release|Any CPU.Build.0 = Release|Any CPU
		{A8D99CCF-22CA-40B5-B203-B96535C38102}.Debug|Any CPU.ActiveCfg = Debug|Any CPU
		{A8D99CCF-22CA-40B5-B203-B96535C38102}.Debug|Any CPU.Build.0 = Debug|Any CPU
		{A8D99CCF-22CA-40B5-B203-B96535C38102}.Release|Any CPU.ActiveCfg = Release|Any CPU
		{A8D99CCF-22CA-40B5-B203-B96535C38102}.Release|Any CPU.Build.0 = Release|Any CPU
	EndGlobalSection
	GlobalSection(SolutionProperties) = preSolution
		HideSolutionNode = FALSE
	EndGlobalSection
	GlobalSection(ExtensibilityGlobals) = postSolution
		SolutionGuid = {FB27D79E-3FA9-4042-A812-8748F03FF617}
	EndGlobalSection
EndGlobal
